// !$*UTF8*$!
{
	archiveVersion = 1;
	classes = {
	};
	objectVersion = 46;
	objects = {

/* Begin PBXBuildFile section */
		E14DCD461430DAAD008904A4 /* DLGLView.h in Headers */ = {isa = PBXBuildFile; fileRef = E14DCD441430DAAD008904A4 /* DLGLView.h */; settings = {ATTRIBUTES = (Public, ); }; };
		E14DCD471430DAAD008904A4 /* DLGLView.m in Sources */ = {isa = PBXBuildFile; fileRef = E14DCD451430DAAD008904A4 /* DLGLView.m */; };
		E1816373142CE5DB0070AC3D /* DLGLMirrorView.h in Headers */ = {isa = PBXBuildFile; fileRef = E1816371142CE5DB0070AC3D /* DLGLMirrorView.h */; settings = {ATTRIBUTES = (Public, ); }; };
		E1816374142CE5DB0070AC3D /* DLGLMirrorView.m in Sources */ = {isa = PBXBuildFile; fileRef = E1816372142CE5DB0070AC3D /* DLGLMirrorView.m */; };
		E1BB86D5141E63D90041B4F4 /* DLGLErrors.h in Headers */ = {isa = PBXBuildFile; fileRef = E1BB86D3141E63D90041B4F4 /* DLGLErrors.h */; settings = {ATTRIBUTES = (Public, ); }; };
		E1BB86D6141E63D90041B4F4 /* DLGLErrors.m in Sources */ = {isa = PBXBuildFile; fileRef = E1BB86D4141E63D90041B4F4 /* DLGLErrors.m */; };
		E1E7AE15140E730800B50A9F /* Cocoa.framework in Frameworks */ = {isa = PBXBuildFile; fileRef = E1EEA702140D31AC0054C95A /* Cocoa.framework */; };
		E1E7AE1B140E730800B50A9F /* InfoPlist.strings in Resources */ = {isa = PBXBuildFile; fileRef = E1E7AE19140E730800B50A9F /* InfoPlist.strings */; };
		E1E7AE1D140E730800B50A9F /* main.m in Sources */ = {isa = PBXBuildFile; fileRef = E1E7AE1C140E730800B50A9F /* main.m */; };
		E1E7AE21140E730800B50A9F /* Credits.rtf in Resources */ = {isa = PBXBuildFile; fileRef = E1E7AE1F140E730800B50A9F /* Credits.rtf */; };
		E1E7AE24140E730800B50A9F /* DLGLPresenterDemoAppDelegate.m in Sources */ = {isa = PBXBuildFile; fileRef = E1E7AE23140E730800B50A9F /* DLGLPresenterDemoAppDelegate.m */; };
		E1E7AE27140E730800B50A9F /* MainMenu.xib in Resources */ = {isa = PBXBuildFile; fileRef = E1E7AE25140E730800B50A9F /* MainMenu.xib */; };
		E1E7AE34140E739E00B50A9F /* DLGLPresenter.framework in Frameworks */ = {isa = PBXBuildFile; fileRef = E1EEA6FF140D31AC0054C95A /* DLGLPresenter.framework */; };
		E1E7AE67140E7A7600B50A9F /* ScreenFlicker.m in Sources */ = {isa = PBXBuildFile; fileRef = E1E7AE66140E7A7600B50A9F /* ScreenFlicker.m */; };
		E1E7AE6C140E7D4800B50A9F /* OpenGL.framework in Frameworks */ = {isa = PBXBuildFile; fileRef = E1E7AE6B140E7D4800B50A9F /* OpenGL.framework */; };
		E1E7AE6F140E9E9300B50A9F /* HelloTriangle.m in Sources */ = {isa = PBXBuildFile; fileRef = E1E7AE6E140E9E9300B50A9F /* HelloTriangle.m */; };
		E1EEA703140D31AC0054C95A /* Cocoa.framework in Frameworks */ = {isa = PBXBuildFile; fileRef = E1EEA702140D31AC0054C95A /* Cocoa.framework */; };
		E1EEA70D140D31AC0054C95A /* InfoPlist.strings in Resources */ = {isa = PBXBuildFile; fileRef = E1EEA70B140D31AC0054C95A /* InfoPlist.strings */; };
		E1EEA71D140D3B150054C95A /* DLGLPresenterView.h in Headers */ = {isa = PBXBuildFile; fileRef = E1EEA71B140D3B150054C95A /* DLGLPresenterView.h */; settings = {ATTRIBUTES = (Public, ); }; };
		E1EEA71E140D3B150054C95A /* DLGLPresenterView.m in Sources */ = {isa = PBXBuildFile; fileRef = E1EEA71C140D3B150054C95A /* DLGLPresenterView.m */; };
		E1EEA728140D3F240054C95A /* OpenGL.framework in Frameworks */ = {isa = PBXBuildFile; fileRef = E1EEA727140D3F240054C95A /* OpenGL.framework */; };
		E1EEA72E140D50860054C95A /* CoreVideo.framework in Frameworks */ = {isa = PBXBuildFile; fileRef = E1EEA72D140D50860054C95A /* CoreVideo.framework */; };
		E1F6490D1419409B005455C8 /* DLGLPresenter.h in Headers */ = {isa = PBXBuildFile; fileRef = E1EEA70F140D31AC0054C95A /* DLGLPresenter.h */; settings = {ATTRIBUTES = (Public, ); }; };
		E1F64910141941ED005455C8 /* DLGLUtilities.h in Headers */ = {isa = PBXBuildFile; fileRef = E1F6490E141941ED005455C8 /* DLGLUtilities.h */; settings = {ATTRIBUTES = (Public, ); }; };
		E1F64911141941ED005455C8 /* DLGLUtilities.m in Sources */ = {isa = PBXBuildFile; fileRef = E1F6490F141941ED005455C8 /* DLGLUtilities.m */; };
		E1F64919141954B9005455C8 /* MovingTriangle.m in Sources */ = {isa = PBXBuildFile; fileRef = E1F64918141954B9005455C8 /* MovingTriangle.m */; };
		E1F6491B14195A43005455C8 /* CoreAudio.framework in Frameworks */ = {isa = PBXBuildFile; fileRef = E1F6491A14195A42005455C8 /* CoreAudio.framework */; };
		E1F6491C14195BDD005455C8 /* calcOffset.vert in Resources */ = {isa = PBXBuildFile; fileRef = E1F6491414195441005455C8 /* calcOffset.vert */; };
		E1F6491D14195BE0005455C8 /* calcColor.frag in Resources */ = {isa = PBXBuildFile; fileRef = E1F6491314195441005455C8 /* calcColor.frag */; };
/* End PBXBuildFile section */

/* Begin PBXFileReference section */
		E14DCD441430DAAD008904A4 /* DLGLView.h */ = {isa = PBXFileReference; fileEncoding = 4; lastKnownFileType = sourcecode.c.h; path = DLGLView.h; sourceTree = "<group>"; };
		E14DCD451430DAAD008904A4 /* DLGLView.m */ = {isa = PBXFileReference; fileEncoding = 4; lastKnownFileType = sourcecode.c.objc; path = DLGLView.m; sourceTree = "<group>"; };
		E1816371142CE5DB0070AC3D /* DLGLMirrorView.h */ = {isa = PBXFileReference; fileEncoding = 4; lastKnownFileType = sourcecode.c.h; path = DLGLMirrorView.h; sourceTree = "<group>"; };
		E1816372142CE5DB0070AC3D /* DLGLMirrorView.m */ = {isa = PBXFileReference; fileEncoding = 4; lastKnownFileType = sourcecode.c.objc; path = DLGLMirrorView.m; sourceTree = "<group>"; };
		E1BB86D3141E63D90041B4F4 /* DLGLErrors.h */ = {isa = PBXFileReference; fileEncoding = 4; lastKnownFileType = sourcecode.c.h; path = DLGLErrors.h; sourceTree = "<group>"; };
		E1BB86D4141E63D90041B4F4 /* DLGLErrors.m */ = {isa = PBXFileReference; fileEncoding = 4; lastKnownFileType = sourcecode.c.objc; path = DLGLErrors.m; sourceTree = "<group>"; };
		E1E7AE13140E730800B50A9F /* DLGLPresenterDemo.app */ = {isa = PBXFileReference; explicitFileType = wrapper.application; includeInIndex = 0; path = DLGLPresenterDemo.app; sourceTree = BUILT_PRODUCTS_DIR; };
		E1E7AE18140E730800B50A9F /* DLGLPresenterDemo-Info.plist */ = {isa = PBXFileReference; lastKnownFileType = text.plist.xml; path = "DLGLPresenterDemo-Info.plist"; sourceTree = "<group>"; };
		E1E7AE1A140E730800B50A9F /* en */ = {isa = PBXFileReference; lastKnownFileType = text.plist.strings; name = en; path = en.lproj/InfoPlist.strings; sourceTree = "<group>"; };
		E1E7AE1C140E730800B50A9F /* main.m */ = {isa = PBXFileReference; lastKnownFileType = sourcecode.c.objc; path = main.m; sourceTree = "<group>"; };
		E1E7AE1E140E730800B50A9F /* DLGLPresenterDemo-Prefix.pch */ = {isa = PBXFileReference; lastKnownFileType = sourcecode.c.h; path = "DLGLPresenterDemo-Prefix.pch"; sourceTree = "<group>"; };
		E1E7AE20140E730800B50A9F /* en */ = {isa = PBXFileReference; lastKnownFileType = text.rtf; name = en; path = en.lproj/Credits.rtf; sourceTree = "<group>"; };
		E1E7AE22140E730800B50A9F /* DLGLPresenterDemoAppDelegate.h */ = {isa = PBXFileReference; lastKnownFileType = sourcecode.c.h; path = DLGLPresenterDemoAppDelegate.h; sourceTree = "<group>"; };
		E1E7AE23140E730800B50A9F /* DLGLPresenterDemoAppDelegate.m */ = {isa = PBXFileReference; lastKnownFileType = sourcecode.c.objc; path = DLGLPresenterDemoAppDelegate.m; sourceTree = "<group>"; };
		E1E7AE26140E730800B50A9F /* en */ = {isa = PBXFileReference; lastKnownFileType = file.xib; name = en; path = en.lproj/MainMenu.xib; sourceTree = "<group>"; };
		E1E7AE65140E7A7600B50A9F /* ScreenFlicker.h */ = {isa = PBXFileReference; fileEncoding = 4; lastKnownFileType = sourcecode.c.h; name = ScreenFlicker.h; path = DLGLPresenterDelegates/ScreenFlicker.h; sourceTree = "<group>"; };
		E1E7AE66140E7A7600B50A9F /* ScreenFlicker.m */ = {isa = PBXFileReference; fileEncoding = 4; lastKnownFileType = sourcecode.c.objc; name = ScreenFlicker.m; path = DLGLPresenterDelegates/ScreenFlicker.m; sourceTree = "<group>"; };
		E1E7AE6B140E7D4800B50A9F /* OpenGL.framework */ = {isa = PBXFileReference; lastKnownFileType = wrapper.framework; name = OpenGL.framework; path = System/Library/Frameworks/OpenGL.framework; sourceTree = SDKROOT; };
		E1E7AE6D140E9E9300B50A9F /* HelloTriangle.h */ = {isa = PBXFileReference; fileEncoding = 4; lastKnownFileType = sourcecode.c.h; name = HelloTriangle.h; path = DLGLPresenterDelegates/HelloTriangle.h; sourceTree = "<group>"; };
		E1E7AE6E140E9E9300B50A9F /* HelloTriangle.m */ = {isa = PBXFileReference; fileEncoding = 4; lastKnownFileType = sourcecode.c.objc; name = HelloTriangle.m; path = DLGLPresenterDelegates/HelloTriangle.m; sourceTree = "<group>"; };
		E1EEA6FF140D31AC0054C95A /* DLGLPresenter.framework */ = {isa = PBXFileReference; explicitFileType = wrapper.framework; includeInIndex = 0; path = DLGLPresenter.framework; sourceTree = BUILT_PRODUCTS_DIR; };
		E1EEA702140D31AC0054C95A /* Cocoa.framework */ = {isa = PBXFileReference; lastKnownFileType = wrapper.framework; name = Cocoa.framework; path = System/Library/Frameworks/Cocoa.framework; sourceTree = SDKROOT; };
		E1EEA705140D31AC0054C95A /* AppKit.framework */ = {isa = PBXFileReference; lastKnownFileType = wrapper.framework; name = AppKit.framework; path = System/Library/Frameworks/AppKit.framework; sourceTree = SDKROOT; };
		E1EEA706140D31AC0054C95A /* CoreData.framework */ = {isa = PBXFileReference; lastKnownFileType = wrapper.framework; name = CoreData.framework; path = System/Library/Frameworks/CoreData.framework; sourceTree = SDKROOT; };
		E1EEA707140D31AC0054C95A /* Foundation.framework */ = {isa = PBXFileReference; lastKnownFileType = wrapper.framework; name = Foundation.framework; path = System/Library/Frameworks/Foundation.framework; sourceTree = SDKROOT; };
		E1EEA70A140D31AC0054C95A /* DLGLPresenter-Info.plist */ = {isa = PBXFileReference; lastKnownFileType = text.plist.xml; path = "DLGLPresenter-Info.plist"; sourceTree = "<group>"; };
		E1EEA70C140D31AC0054C95A /* en */ = {isa = PBXFileReference; lastKnownFileType = text.plist.strings; name = en; path = en.lproj/InfoPlist.strings; sourceTree = "<group>"; };
		E1EEA70E140D31AC0054C95A /* DLGLPresenter-Prefix.pch */ = {isa = PBXFileReference; lastKnownFileType = sourcecode.c.h; path = "DLGLPresenter-Prefix.pch"; sourceTree = "<group>"; };
		E1EEA70F140D31AC0054C95A /* DLGLPresenter.h */ = {isa = PBXFileReference; lastKnownFileType = sourcecode.c.h; path = DLGLPresenter.h; sourceTree = "<group>"; };
		E1EEA71B140D3B150054C95A /* DLGLPresenterView.h */ = {isa = PBXFileReference; fileEncoding = 4; lastKnownFileType = sourcecode.c.h; path = DLGLPresenterView.h; sourceTree = "<group>"; };
		E1EEA71C140D3B150054C95A /* DLGLPresenterView.m */ = {isa = PBXFileReference; fileEncoding = 4; lastKnownFileType = sourcecode.c.objc; path = DLGLPresenterView.m; sourceTree = "<group>"; };
		E1EEA727140D3F240054C95A /* OpenGL.framework */ = {isa = PBXFileReference; lastKnownFileType = wrapper.framework; name = OpenGL.framework; path = System/Library/Frameworks/OpenGL.framework; sourceTree = SDKROOT; };
		E1EEA72D140D50860054C95A /* CoreVideo.framework */ = {isa = PBXFileReference; lastKnownFileType = wrapper.framework; name = CoreVideo.framework; path = System/Library/Frameworks/CoreVideo.framework; sourceTree = SDKROOT; };
		E1F6490E141941ED005455C8 /* DLGLUtilities.h */ = {isa = PBXFileReference; fileEncoding = 4; lastKnownFileType = sourcecode.c.h; path = DLGLUtilities.h; sourceTree = "<group>"; };
		E1F6490F141941ED005455C8 /* DLGLUtilities.m */ = {isa = PBXFileReference; fileEncoding = 4; lastKnownFileType = sourcecode.c.objc; path = DLGLUtilities.m; sourceTree = "<group>"; };
		E1F6491314195441005455C8 /* calcColor.frag */ = {isa = PBXFileReference; fileEncoding = 4; lastKnownFileType = sourcecode.glsl; path = calcColor.frag; sourceTree = "<group>"; };
		E1F6491414195441005455C8 /* calcOffset.vert */ = {isa = PBXFileReference; fileEncoding = 4; lastKnownFileType = sourcecode.glsl; path = calcOffset.vert; sourceTree = "<group>"; };
		E1F64917141954B9005455C8 /* MovingTriangle.h */ = {isa = PBXFileReference; fileEncoding = 4; lastKnownFileType = sourcecode.c.h; path = MovingTriangle.h; sourceTree = "<group>"; };
		E1F64918141954B9005455C8 /* MovingTriangle.m */ = {isa = PBXFileReference; fileEncoding = 4; lastKnownFileType = sourcecode.c.objc; path = MovingTriangle.m; sourceTree = "<group>"; };
		E1F6491A14195A42005455C8 /* CoreAudio.framework */ = {isa = PBXFileReference; lastKnownFileType = wrapper.framework; name = CoreAudio.framework; path = System/Library/Frameworks/CoreAudio.framework; sourceTree = SDKROOT; };
/* End PBXFileReference section */

/* Begin PBXFrameworksBuildPhase section */
		E1E7AE10140E730800B50A9F /* Frameworks */ = {
			isa = PBXFrameworksBuildPhase;
			buildActionMask = 2147483647;
			files = (
				E1E7AE15140E730800B50A9F /* Cocoa.framework in Frameworks */,
				E1E7AE6C140E7D4800B50A9F /* OpenGL.framework in Frameworks */,
				E1E7AE34140E739E00B50A9F /* DLGLPresenter.framework in Frameworks */,
			);
			runOnlyForDeploymentPostprocessing = 0;
		};
		E1EEA6FB140D31AC0054C95A /* Frameworks */ = {
			isa = PBXFrameworksBuildPhase;
			buildActionMask = 2147483647;
			files = (
				E1EEA703140D31AC0054C95A /* Cocoa.framework in Frameworks */,
				E1EEA728140D3F240054C95A /* OpenGL.framework in Frameworks */,
				E1EEA72E140D50860054C95A /* CoreVideo.framework in Frameworks */,
				E1F6491B14195A43005455C8 /* CoreAudio.framework in Frameworks */,
			);
			runOnlyForDeploymentPostprocessing = 0;
		};
/* End PBXFrameworksBuildPhase section */

/* Begin PBXGroup section */
		E1E7AE16140E730800B50A9F /* DLGLPresenterDemo */ = {
			isa = PBXGroup;
			children = (
				E1E7AE22140E730800B50A9F /* DLGLPresenterDemoAppDelegate.h */,
				E1E7AE23140E730800B50A9F /* DLGLPresenterDemoAppDelegate.m */,
				E1E7AE63140E7A5B00B50A9F /* DLGLPresenterDelegates */,
				E1E7AE25140E730800B50A9F /* MainMenu.xib */,
				E1E7AE17140E730800B50A9F /* Supporting Files */,
				E1E7AE6A140E7D2D00B50A9F /* Frameworks */,
			);
			path = DLGLPresenterDemo;
			sourceTree = "<group>";
		};
		E1E7AE17140E730800B50A9F /* Supporting Files */ = {
			isa = PBXGroup;
			children = (
				E1E7AE18140E730800B50A9F /* DLGLPresenterDemo-Info.plist */,
				E1E7AE19140E730800B50A9F /* InfoPlist.strings */,
				E1E7AE1C140E730800B50A9F /* main.m */,
				E1E7AE1E140E730800B50A9F /* DLGLPresenterDemo-Prefix.pch */,
				E1E7AE1F140E730800B50A9F /* Credits.rtf */,
			);
			name = "Supporting Files";
			sourceTree = "<group>";
		};
		E1E7AE63140E7A5B00B50A9F /* DLGLPresenterDelegates */ = {
			isa = PBXGroup;
			children = (
				E1E7AE65140E7A7600B50A9F /* ScreenFlicker.h */,
				E1E7AE66140E7A7600B50A9F /* ScreenFlicker.m */,
				E1E7AE6D140E9E9300B50A9F /* HelloTriangle.h */,
				E1E7AE6E140E9E9300B50A9F /* HelloTriangle.m */,
				E1F6491214195441005455C8 /* MovingTriangle */,
			);
			name = DLGLPresenterDelegates;
			sourceTree = "<group>";
		};
		E1E7AE6A140E7D2D00B50A9F /* Frameworks */ = {
			isa = PBXGroup;
			children = (
				E1E7AE6B140E7D4800B50A9F /* OpenGL.framework */,
			);
			name = Frameworks;
			sourceTree = "<group>";
		};
		E1EEA6F3140D31AC0054C95A = {
			isa = PBXGroup;
			children = (
				E1EEA708140D31AC0054C95A /* DLGLPresenter */,
				E1E7AE16140E730800B50A9F /* DLGLPresenterDemo */,
				E1EEA700140D31AC0054C95A /* Products */,
			);
			sourceTree = "<group>";
		};
		E1EEA700140D31AC0054C95A /* Products */ = {
			isa = PBXGroup;
			children = (
				E1EEA6FF140D31AC0054C95A /* DLGLPresenter.framework */,
				E1E7AE13140E730800B50A9F /* DLGLPresenterDemo.app */,
			);
			name = Products;
			sourceTree = "<group>";
		};
		E1EEA701140D31AC0054C95A /* Frameworks */ = {
			isa = PBXGroup;
			children = (
				E1EEA702140D31AC0054C95A /* Cocoa.framework */,
				E1EEA727140D3F240054C95A /* OpenGL.framework */,
				E1EEA72D140D50860054C95A /* CoreVideo.framework */,
				E1F6491A14195A42005455C8 /* CoreAudio.framework */,
				E1EEA704140D31AC0054C95A /* Other Frameworks */,
			);
			name = Frameworks;
			path = ..;
			sourceTree = "<group>";
		};
		E1EEA704140D31AC0054C95A /* Other Frameworks */ = {
			isa = PBXGroup;
			children = (
				E1EEA705140D31AC0054C95A /* AppKit.framework */,
				E1EEA706140D31AC0054C95A /* CoreData.framework */,
				E1EEA707140D31AC0054C95A /* Foundation.framework */,
			);
			name = "Other Frameworks";
			sourceTree = "<group>";
		};
		E1EEA708140D31AC0054C95A /* DLGLPresenter */ = {
			isa = PBXGroup;
			children = (
				E1EEA70F140D31AC0054C95A /* DLGLPresenter.h */,
				E1BB86D3141E63D90041B4F4 /* DLGLErrors.h */,
				E1BB86D4141E63D90041B4F4 /* DLGLErrors.m */,
				E1F6490E141941ED005455C8 /* DLGLUtilities.h */,
				E1F6490F141941ED005455C8 /* DLGLUtilities.m */,
				E14DCD441430DAAD008904A4 /* DLGLView.h */,
				E14DCD451430DAAD008904A4 /* DLGLView.m */,
				E1EEA71B140D3B150054C95A /* DLGLPresenterView.h */,
				E1EEA71C140D3B150054C95A /* DLGLPresenterView.m */,
				E1816371142CE5DB0070AC3D /* DLGLMirrorView.h */,
				E1816372142CE5DB0070AC3D /* DLGLMirrorView.m */,
				E1EEA709140D31AC0054C95A /* Supporting Files */,
				E1EEA701140D31AC0054C95A /* Frameworks */,
			);
			path = DLGLPresenter;
			sourceTree = "<group>";
		};
		E1EEA709140D31AC0054C95A /* Supporting Files */ = {
			isa = PBXGroup;
			children = (
				E1EEA70A140D31AC0054C95A /* DLGLPresenter-Info.plist */,
				E1EEA70B140D31AC0054C95A /* InfoPlist.strings */,
				E1EEA70E140D31AC0054C95A /* DLGLPresenter-Prefix.pch */,
			);
			name = "Supporting Files";
			sourceTree = "<group>";
		};
		E1F6491214195441005455C8 /* MovingTriangle */ = {
			isa = PBXGroup;
			children = (
				E1F64917141954B9005455C8 /* MovingTriangle.h */,
				E1F64918141954B9005455C8 /* MovingTriangle.m */,
				E1F6491414195441005455C8 /* calcOffset.vert */,
				E1F6491314195441005455C8 /* calcColor.frag */,
			);
			name = MovingTriangle;
			path = DLGLPresenterDelegates/MovingTriangle;
			sourceTree = "<group>";
		};
/* End PBXGroup section */

/* Begin PBXHeadersBuildPhase section */
		E1EEA6FC140D31AC0054C95A /* Headers */ = {
			isa = PBXHeadersBuildPhase;
			buildActionMask = 2147483647;
			files = (
				E1F6490D1419409B005455C8 /* DLGLPresenter.h in Headers */,
				E1BB86D5141E63D90041B4F4 /* DLGLErrors.h in Headers */,
				E1EEA71D140D3B150054C95A /* DLGLPresenterView.h in Headers */,
				E1816373142CE5DB0070AC3D /* DLGLMirrorView.h in Headers */,
				E1F64910141941ED005455C8 /* DLGLUtilities.h in Headers */,
				E14DCD461430DAAD008904A4 /* DLGLView.h in Headers */,
			);
			runOnlyForDeploymentPostprocessing = 0;
		};
/* End PBXHeadersBuildPhase section */

/* Begin PBXNativeTarget section */
		E1E7AE12140E730800B50A9F /* DLGLPresenterDemo */ = {
			isa = PBXNativeTarget;
			buildConfigurationList = E1E7AE2A140E730800B50A9F /* Build configuration list for PBXNativeTarget "DLGLPresenterDemo" */;
			buildPhases = (
				E1E7AE0F140E730800B50A9F /* Sources */,
				E1E7AE10140E730800B50A9F /* Frameworks */,
				E1E7AE11140E730800B50A9F /* Resources */,
			);
			buildRules = (
			);
			dependencies = (
			);
			name = DLGLPresenterDemo;
			productName = DLGLPresenterDemo;
			productReference = E1E7AE13140E730800B50A9F /* DLGLPresenterDemo.app */;
			productType = "com.apple.product-type.application";
		};
		E1EEA6FE140D31AC0054C95A /* DLGLPresenter */ = {
			isa = PBXNativeTarget;
			buildConfigurationList = E1EEA714140D31AC0054C95A /* Build configuration list for PBXNativeTarget "DLGLPresenter" */;
			buildPhases = (
				E1EEA6FA140D31AC0054C95A /* Sources */,
				E1EEA6FB140D31AC0054C95A /* Frameworks */,
				E1EEA6FC140D31AC0054C95A /* Headers */,
				E1EEA6FD140D31AC0054C95A /* Resources */,
			);
			buildRules = (
			);
			dependencies = (
			);
			name = DLGLPresenter;
			productName = DLGLPresenter;
			productReference = E1EEA6FF140D31AC0054C95A /* DLGLPresenter.framework */;
			productType = "com.apple.product-type.framework";
		};
/* End PBXNativeTarget section */

/* Begin PBXProject section */
		E1EEA6F5140D31AC0054C95A /* Project object */ = {
			isa = PBXProject;
			attributes = {
				ORGANIZATIONNAME = MIT;
			};
			buildConfigurationList = E1EEA6F8140D31AC0054C95A /* Build configuration list for PBXProject "DLGLPresenter" */;
			compatibilityVersion = "Xcode 3.2";
			developmentRegion = English;
			hasScannedForEncodings = 0;
			knownRegions = (
				en,
			);
			mainGroup = E1EEA6F3140D31AC0054C95A;
			productRefGroup = E1EEA700140D31AC0054C95A /* Products */;
			projectDirPath = "";
			projectRoot = "";
			targets = (
				E1EEA6FE140D31AC0054C95A /* DLGLPresenter */,
				E1E7AE12140E730800B50A9F /* DLGLPresenterDemo */,
			);
		};
/* End PBXProject section */

/* Begin PBXResourcesBuildPhase section */
		E1E7AE11140E730800B50A9F /* Resources */ = {
			isa = PBXResourcesBuildPhase;
			buildActionMask = 2147483647;
			files = (
				E1E7AE1B140E730800B50A9F /* InfoPlist.strings in Resources */,
				E1E7AE21140E730800B50A9F /* Credits.rtf in Resources */,
				E1E7AE27140E730800B50A9F /* MainMenu.xib in Resources */,
				E1F6491C14195BDD005455C8 /* calcOffset.vert in Resources */,
				E1F6491D14195BE0005455C8 /* calcColor.frag in Resources */,
			);
			runOnlyForDeploymentPostprocessing = 0;
		};
		E1EEA6FD140D31AC0054C95A /* Resources */ = {
			isa = PBXResourcesBuildPhase;
			buildActionMask = 2147483647;
			files = (
				E1EEA70D140D31AC0054C95A /* InfoPlist.strings in Resources */,
			);
			runOnlyForDeploymentPostprocessing = 0;
		};
/* End PBXResourcesBuildPhase section */

/* Begin PBXSourcesBuildPhase section */
		E1E7AE0F140E730800B50A9F /* Sources */ = {
			isa = PBXSourcesBuildPhase;
			buildActionMask = 2147483647;
			files = (
				E1E7AE1D140E730800B50A9F /* main.m in Sources */,
				E1E7AE24140E730800B50A9F /* DLGLPresenterDemoAppDelegate.m in Sources */,
				E1E7AE67140E7A7600B50A9F /* ScreenFlicker.m in Sources */,
				E1E7AE6F140E9E9300B50A9F /* HelloTriangle.m in Sources */,
				E1F64919141954B9005455C8 /* MovingTriangle.m in Sources */,
			);
			runOnlyForDeploymentPostprocessing = 0;
		};
		E1EEA6FA140D31AC0054C95A /* Sources */ = {
			isa = PBXSourcesBuildPhase;
			buildActionMask = 2147483647;
			files = (
				E1EEA71E140D3B150054C95A /* DLGLPresenterView.m in Sources */,
				E1F64911141941ED005455C8 /* DLGLUtilities.m in Sources */,
				E1BB86D6141E63D90041B4F4 /* DLGLErrors.m in Sources */,
				E1816374142CE5DB0070AC3D /* DLGLMirrorView.m in Sources */,
				E14DCD471430DAAD008904A4 /* DLGLView.m in Sources */,
			);
			runOnlyForDeploymentPostprocessing = 0;
		};
/* End PBXSourcesBuildPhase section */

/* Begin PBXVariantGroup section */
		E1E7AE19140E730800B50A9F /* InfoPlist.strings */ = {
			isa = PBXVariantGroup;
			children = (
				E1E7AE1A140E730800B50A9F /* en */,
			);
			name = InfoPlist.strings;
			sourceTree = "<group>";
		};
		E1E7AE1F140E730800B50A9F /* Credits.rtf */ = {
			isa = PBXVariantGroup;
			children = (
				E1E7AE20140E730800B50A9F /* en */,
			);
			name = Credits.rtf;
			sourceTree = "<group>";
		};
		E1E7AE25140E730800B50A9F /* MainMenu.xib */ = {
			isa = PBXVariantGroup;
			children = (
				E1E7AE26140E730800B50A9F /* en */,
			);
			name = MainMenu.xib;
			sourceTree = "<group>";
		};
		E1EEA70B140D31AC0054C95A /* InfoPlist.strings */ = {
			isa = PBXVariantGroup;
			children = (
				E1EEA70C140D31AC0054C95A /* en */,
			);
			name = InfoPlist.strings;
			sourceTree = "<group>";
		};
/* End PBXVariantGroup section */

/* Begin XCBuildConfiguration section */
		E1E7AE28140E730800B50A9F /* Debug */ = {
			isa = XCBuildConfiguration;
			buildSettings = {
				GCC_PRECOMPILE_PREFIX_HEADER = YES;
				GCC_PREFIX_HEADER = "DLGLPresenterDemo/DLGLPresenterDemo-Prefix.pch";
				INFOPLIST_FILE = "DLGLPresenterDemo/DLGLPresenterDemo-Info.plist";
				PRODUCT_NAME = "$(TARGET_NAME)";
				WRAPPER_EXTENSION = app;
			};
			name = Debug;
		};
		E1E7AE29140E730800B50A9F /* Release */ = {
			isa = XCBuildConfiguration;
			buildSettings = {
				GCC_PRECOMPILE_PREFIX_HEADER = YES;
				GCC_PREFIX_HEADER = "DLGLPresenterDemo/DLGLPresenterDemo-Prefix.pch";
				INFOPLIST_FILE = "DLGLPresenterDemo/DLGLPresenterDemo-Info.plist";
				PRODUCT_NAME = "$(TARGET_NAME)";
				WRAPPER_EXTENSION = app;
			};
			name = Release;
		};
		E1EEA712140D31AC0054C95A /* Debug */ = {
			isa = XCBuildConfiguration;
			buildSettings = {
				ALWAYS_SEARCH_USER_PATHS = NO;
				ARCHS = "$(ARCHS_STANDARD_64_BIT)";
				COPY_PHASE_STRIP = NO;
				GCC_C_LANGUAGE_STANDARD = gnu99;
				GCC_DYNAMIC_NO_PIC = NO;
				GCC_ENABLE_OBJC_EXCEPTIONS = YES;
				GCC_OPTIMIZATION_LEVEL = 0;
				GCC_PREPROCESSOR_DEFINITIONS = (
					"DEBUG=1",
					"$(inherited)",
				);
				GCC_SYMBOLS_PRIVATE_EXTERN = NO;
				GCC_VERSION = com.apple.compilers.llvm.clang.1_0;
				GCC_WARN_64_TO_32_BIT_CONVERSION = YES;
				GCC_WARN_ABOUT_MISSING_PROTOTYPES = YES;
				GCC_WARN_ABOUT_RETURN_TYPE = YES;
				GCC_WARN_UNUSED_VARIABLE = YES;
				MACOSX_DEPLOYMENT_TARGET = 10.7;
				ONLY_ACTIVE_ARCH = YES;
				SDKROOT = macosx;
			};
			name = Debug;
		};
		E1EEA713140D31AC0054C95A /* Release */ = {
			isa = XCBuildConfiguration;
			buildSettings = {
				ALWAYS_SEARCH_USER_PATHS = NO;
				ARCHS = "$(ARCHS_STANDARD_64_BIT)";
				COPY_PHASE_STRIP = YES;
				DEBUG_INFORMATION_FORMAT = "dwarf-with-dsym";
				GCC_C_LANGUAGE_STANDARD = gnu99;
				GCC_ENABLE_OBJC_EXCEPTIONS = YES;
				GCC_VERSION = com.apple.compilers.llvm.clang.1_0;
				GCC_WARN_64_TO_32_BIT_CONVERSION = YES;
				GCC_WARN_ABOUT_MISSING_PROTOTYPES = YES;
				GCC_WARN_ABOUT_RETURN_TYPE = YES;
				GCC_WARN_UNUSED_VARIABLE = YES;
				MACOSX_DEPLOYMENT_TARGET = 10.7;
				SDKROOT = macosx;
			};
			name = Release;
		};
		E1EEA715140D31AC0054C95A /* Debug */ = {
			isa = XCBuildConfiguration;
			buildSettings = {
				DYLIB_COMPATIBILITY_VERSION = 1;
				DYLIB_CURRENT_VERSION = 1;
				FRAMEWORK_VERSION = A;
				GCC_PRECOMPILE_PREFIX_HEADER = YES;
				GCC_PREFIX_HEADER = "DLGLPresenter/DLGLPresenter-Prefix.pch";
				INFOPLIST_FILE = "DLGLPresenter/DLGLPresenter-Info.plist";
				PRODUCT_NAME = "$(TARGET_NAME)";
				WRAPPER_EXTENSION = framework;
			};
			name = Debug;
		};
		E1EEA716140D31AC0054C95A /* Release */ = {
			isa = XCBuildConfiguration;
			buildSettings = {
				DYLIB_COMPATIBILITY_VERSION = 1;
				DYLIB_CURRENT_VERSION = 1;
				FRAMEWORK_VERSION = A;
				GCC_PRECOMPILE_PREFIX_HEADER = YES;
				GCC_PREFIX_HEADER = "DLGLPresenter/DLGLPresenter-Prefix.pch";
				INFOPLIST_FILE = "DLGLPresenter/DLGLPresenter-Info.plist";
				PRODUCT_NAME = "$(TARGET_NAME)";
				WRAPPER_EXTENSION = framework;
			};
			name = Release;
		};
/* End XCBuildConfiguration section */

/* Begin XCConfigurationList section */
		E1E7AE2A140E730800B50A9F /* Build configuration list for PBXNativeTarget "DLGLPresenterDemo" */ = {
			isa = XCConfigurationList;
			buildConfigurations = (
				E1E7AE28140E730800B50A9F /* Debug */,
				E1E7AE29140E730800B50A9F /* Release */,
			);
			defaultConfigurationIsVisible = 0;
			defaultConfigurationName = Release;
		};
		E1EEA6F8140D31AC0054C95A /* Build configuration list for PBXProject "DLGLPresenter" */ = {
			isa = XCConfigurationList;
			buildConfigurations = (
				E1EEA712140D31AC0054C95A /* Debug */,
				E1EEA713140D31AC0054C95A /* Release */,
			);
			defaultConfigurationIsVisible = 0;
			defaultConfigurationName = Release;
		};
		E1EEA714140D31AC0054C95A /* Build configuration list for PBXNativeTarget "DLGLPresenter" */ = {
			isa = XCConfigurationList;
			buildConfigurations = (
				E1EEA715140D31AC0054C95A /* Debug */,
				E1EEA716140D31AC0054C95A /* Release */,
			);
			defaultConfigurationIsVisible = 0;
			defaultConfigurationName = Release;
		};
/* End XCConfigurationList section */
	};
	rootObject = E1EEA6F5140D31AC0054C95A /* Project object */;
}
