// !$*UTF8*$!
{
	archiveVersion = 1;
	classes = {
	};
	objectVersion = 46;
	objects = {

/* Begin PBXBuildFile section */
		E10BE74F18CF8F470063EF35 /* car.jpg in Resources */ = {isa = PBXBuildFile; fileRef = E10BE74E18CF8F3A0063EF35 /* car.jpg */; };
		E10F0A0A15936D3000EF7FD6 /* HelloCircle.vert in Resources */ = {isa = PBXBuildFile; fileRef = E10F0A0715936CC400EF7FD6 /* HelloCircle.vert */; };
		E10F0A0B15936D3000EF7FD6 /* HelloCircle.frag in Resources */ = {isa = PBXBuildFile; fileRef = E10F0A0615936CC400EF7FD6 /* HelloCircle.frag */; };
		E136003E1551CA57003CE694 /* NSOpenGLView+DLGLPresenterAdditions.h in Headers */ = {isa = PBXBuildFile; fileRef = E136003C1551CA57003CE694 /* NSOpenGLView+DLGLPresenterAdditions.h */; settings = {ATTRIBUTES = (Public, ); }; };
		E136003F1551CA57003CE694 /* NSOpenGLView+DLGLPresenterAdditions.m in Sources */ = {isa = PBXBuildFile; fileRef = E136003D1551CA57003CE694 /* NSOpenGLView+DLGLPresenterAdditions.m */; };
		E1383C0219FEC6A90087462D /* RefreshTally.m in Sources */ = {isa = PBXBuildFile; fileRef = E1383C0119FEC6A90087462D /* RefreshTally.m */; };
		E1383C0419FEC77E0087462D /* RefreshTally.vert in Resources */ = {isa = PBXBuildFile; fileRef = E1383C0319FEC77E0087462D /* RefreshTally.vert */; };
		E1383C0619FEC7AD0087462D /* RefreshTally.frag in Resources */ = {isa = PBXBuildFile; fileRef = E1383C0519FEC7AD0087462D /* RefreshTally.frag */; };
		E14DCD461430DAAD008904A4 /* DLGLView.h in Headers */ = {isa = PBXBuildFile; fileRef = E14DCD441430DAAD008904A4 /* DLGLView.h */; settings = {ATTRIBUTES = (Public, ); }; };
		E14DCD471430DAAD008904A4 /* DLGLView.m in Sources */ = {isa = PBXBuildFile; fileRef = E14DCD451430DAAD008904A4 /* DLGLView.m */; };
		E15899391A002D2500E514E7 /* DLGLPresenter.framework in CopyFiles */ = {isa = PBXBuildFile; fileRef = E1EEA6FF140D31AC0054C95A /* DLGLPresenter.framework */; settings = {ATTRIBUTES = (CodeSignOnCopy, RemoveHeadersOnCopy, ); }; };
		E1816373142CE5DB0070AC3D /* DLGLMirrorView.h in Headers */ = {isa = PBXBuildFile; fileRef = E1816371142CE5DB0070AC3D /* DLGLMirrorView.h */; settings = {ATTRIBUTES = (Public, ); }; };
		E1816374142CE5DB0070AC3D /* DLGLMirrorView.m in Sources */ = {isa = PBXBuildFile; fileRef = E1816372142CE5DB0070AC3D /* DLGLMirrorView.m */; };
		E183A0F118CE127000012129 /* HelloImage.m in Sources */ = {isa = PBXBuildFile; fileRef = E183A0F018CE127000012129 /* HelloImage.m */; };
		E183A0F918CE239300012129 /* HelloImage.vert in Resources */ = {isa = PBXBuildFile; fileRef = E183A0F818CE238500012129 /* HelloImage.vert */; };
		E183A0FB18CE251000012129 /* HelloImage.frag in Resources */ = {isa = PBXBuildFile; fileRef = E183A0FA18CE24FC00012129 /* HelloImage.frag */; };
		E18D8CD218D0E46600CF7102 /* grayscale_gradient.png in Resources */ = {isa = PBXBuildFile; fileRef = E18D8CD118D0E44D00CF7102 /* grayscale_gradient.png */; };
		E1B5E9B8159235BD004271BA /* HelloCircle.m in Sources */ = {isa = PBXBuildFile; fileRef = E1B5E9B7159235BD004271BA /* HelloCircle.m */; };
		E1DB140914E034FB007C0098 /* PresenterDelegateBase.m in Sources */ = {isa = PBXBuildFile; fileRef = E1DB140814E034FB007C0098 /* PresenterDelegateBase.m */; };
		E1E440CA1A1FB97B00E51A9A /* SceneKitAnimation.m in Sources */ = {isa = PBXBuildFile; fileRef = E1E440C91A1FB97B00E51A9A /* SceneKitAnimation.m */; };
		E1E440D01A1FBCCE00E51A9A /* SceneKit.framework in Frameworks */ = {isa = PBXBuildFile; fileRef = E1E440CF1A1FBCCE00E51A9A /* SceneKit.framework */; };
		E1E440D21A1FD71B00E51A9A /* QuartzCore.framework in Frameworks */ = {isa = PBXBuildFile; fileRef = E1E440D11A1FD71B00E51A9A /* QuartzCore.framework */; };
		E1E7AE1B140E730800B50A9F /* InfoPlist.strings in Resources */ = {isa = PBXBuildFile; fileRef = E1E7AE19140E730800B50A9F /* InfoPlist.strings */; };
		E1E7AE1D140E730800B50A9F /* main.m in Sources */ = {isa = PBXBuildFile; fileRef = E1E7AE1C140E730800B50A9F /* main.m */; };
		E1E7AE21140E730800B50A9F /* Credits.rtf in Resources */ = {isa = PBXBuildFile; fileRef = E1E7AE1F140E730800B50A9F /* Credits.rtf */; };
		E1E7AE24140E730800B50A9F /* DLGLPresenterDemoAppDelegate.m in Sources */ = {isa = PBXBuildFile; fileRef = E1E7AE23140E730800B50A9F /* DLGLPresenterDemoAppDelegate.m */; };
		E1E7AE27140E730800B50A9F /* MainMenu.xib in Resources */ = {isa = PBXBuildFile; fileRef = E1E7AE25140E730800B50A9F /* MainMenu.xib */; };
		E1E7AE67140E7A7600B50A9F /* ScreenFlicker.m in Sources */ = {isa = PBXBuildFile; fileRef = E1E7AE66140E7A7600B50A9F /* ScreenFlicker.m */; };
		E1E7AE6F140E9E9300B50A9F /* HelloTriangle.m in Sources */ = {isa = PBXBuildFile; fileRef = E1E7AE6E140E9E9300B50A9F /* HelloTriangle.m */; };
		E1EA8C2C16CACFE000B98B76 /* OpenGL.framework in Frameworks */ = {isa = PBXBuildFile; fileRef = E1EEA727140D3F240054C95A /* OpenGL.framework */; };
		E1EA8C2D16CACFEE00B98B76 /* CoreVideo.framework in Frameworks */ = {isa = PBXBuildFile; fileRef = E1EEA72D140D50860054C95A /* CoreVideo.framework */; };
		E1EA8C2E16CACFF700B98B76 /* AppKit.framework in Frameworks */ = {isa = PBXBuildFile; fileRef = E1EEA705140D31AC0054C95A /* AppKit.framework */; };
		E1EA8C2F16CAD01D00B98B76 /* DLGLPresenter.framework in Frameworks */ = {isa = PBXBuildFile; fileRef = E1EEA6FF140D31AC0054C95A /* DLGLPresenter.framework */; };
		E1EA8C3016CAD02A00B98B76 /* AppKit.framework in Frameworks */ = {isa = PBXBuildFile; fileRef = E1EEA705140D31AC0054C95A /* AppKit.framework */; };
		E1EA8C3116CAD03600B98B76 /* OpenGL.framework in Frameworks */ = {isa = PBXBuildFile; fileRef = E1EEA727140D3F240054C95A /* OpenGL.framework */; };
		E1ECBE9018DA0DCC006A0D2E /* color_checker_chart.png in Resources */ = {isa = PBXBuildFile; fileRef = E1ECBE8F18DA0DB6006A0D2E /* color_checker_chart.png */; };
		E1EEA70D140D31AC0054C95A /* InfoPlist.strings in Resources */ = {isa = PBXBuildFile; fileRef = E1EEA70B140D31AC0054C95A /* InfoPlist.strings */; };
		E1EEA71D140D3B150054C95A /* DLGLPresenterView.h in Headers */ = {isa = PBXBuildFile; fileRef = E1EEA71B140D3B150054C95A /* DLGLPresenterView.h */; settings = {ATTRIBUTES = (Public, ); }; };
		E1EEA71E140D3B150054C95A /* DLGLPresenterView.m in Sources */ = {isa = PBXBuildFile; fileRef = E1EEA71C140D3B150054C95A /* DLGLPresenterView.m */; };
		E1F6490D1419409B005455C8 /* DLGLPresenter.h in Headers */ = {isa = PBXBuildFile; fileRef = E1EEA70F140D31AC0054C95A /* DLGLPresenter.h */; settings = {ATTRIBUTES = (Public, ); }; };
		E1F64910141941ED005455C8 /* DLGLUtilities.h in Headers */ = {isa = PBXBuildFile; fileRef = E1F6490E141941ED005455C8 /* DLGLUtilities.h */; settings = {ATTRIBUTES = (Public, ); }; };
		E1F64911141941ED005455C8 /* DLGLUtilities.m in Sources */ = {isa = PBXBuildFile; fileRef = E1F6490F141941ED005455C8 /* DLGLUtilities.m */; };
		E1F64919141954B9005455C8 /* MovingTriangle.m in Sources */ = {isa = PBXBuildFile; fileRef = E1F64918141954B9005455C8 /* MovingTriangle.m */; };
		E1F6491C14195BDD005455C8 /* MovingTriangle.vert in Resources */ = {isa = PBXBuildFile; fileRef = E1F6491414195441005455C8 /* MovingTriangle.vert */; };
		E1F6491D14195BE0005455C8 /* MovingTriangle.frag in Resources */ = {isa = PBXBuildFile; fileRef = E1F6491314195441005455C8 /* MovingTriangle.frag */; };
/* End PBXBuildFile section */

/* Begin PBXCopyFilesBuildPhase section */
		E15899381A002D1D00E514E7 /* CopyFiles */ = {
			isa = PBXCopyFilesBuildPhase;
			buildActionMask = 2147483647;
			dstPath = "";
			dstSubfolderSpec = 10;
			files = (
				E15899391A002D2500E514E7 /* DLGLPresenter.framework in CopyFiles */,
			);
			runOnlyForDeploymentPostprocessing = 0;
		};
/* End PBXCopyFilesBuildPhase section */

/* Begin PBXFileReference section */
		E10BE74E18CF8F3A0063EF35 /* car.jpg */ = {isa = PBXFileReference; lastKnownFileType = image.jpeg; path = car.jpg; sourceTree = "<group>"; };
		E10F0A0615936CC400EF7FD6 /* HelloCircle.frag */ = {isa = PBXFileReference; explicitFileType = sourcecode.glsl; fileEncoding = 4; path = HelloCircle.frag; sourceTree = "<group>"; };
		E10F0A0715936CC400EF7FD6 /* HelloCircle.vert */ = {isa = PBXFileReference; explicitFileType = sourcecode.glsl; fileEncoding = 4; path = HelloCircle.vert; sourceTree = "<group>"; };
		E136003C1551CA57003CE694 /* NSOpenGLView+DLGLPresenterAdditions.h */ = {isa = PBXFileReference; fileEncoding = 4; lastKnownFileType = sourcecode.c.h; path = "NSOpenGLView+DLGLPresenterAdditions.h"; sourceTree = "<group>"; };
		E136003D1551CA57003CE694 /* NSOpenGLView+DLGLPresenterAdditions.m */ = {isa = PBXFileReference; fileEncoding = 4; lastKnownFileType = sourcecode.c.objc; path = "NSOpenGLView+DLGLPresenterAdditions.m"; sourceTree = "<group>"; };
		E1383C0019FEC6A90087462D /* RefreshTally.h */ = {isa = PBXFileReference; fileEncoding = 4; lastKnownFileType = sourcecode.c.h; path = RefreshTally.h; sourceTree = "<group>"; };
		E1383C0119FEC6A90087462D /* RefreshTally.m */ = {isa = PBXFileReference; fileEncoding = 4; lastKnownFileType = sourcecode.c.objc; path = RefreshTally.m; sourceTree = "<group>"; };
		E1383C0319FEC77E0087462D /* RefreshTally.vert */ = {isa = PBXFileReference; explicitFileType = sourcecode.glsl; fileEncoding = 4; path = RefreshTally.vert; sourceTree = "<group>"; };
		E1383C0519FEC7AD0087462D /* RefreshTally.frag */ = {isa = PBXFileReference; explicitFileType = sourcecode.glsl; fileEncoding = 4; path = RefreshTally.frag; sourceTree = "<group>"; };
		E14DCD441430DAAD008904A4 /* DLGLView.h */ = {isa = PBXFileReference; fileEncoding = 4; lastKnownFileType = sourcecode.c.h; path = DLGLView.h; sourceTree = "<group>"; };
		E14DCD451430DAAD008904A4 /* DLGLView.m */ = {isa = PBXFileReference; fileEncoding = 4; lastKnownFileType = sourcecode.c.objc; path = DLGLView.m; sourceTree = "<group>"; };
		E1816371142CE5DB0070AC3D /* DLGLMirrorView.h */ = {isa = PBXFileReference; fileEncoding = 4; lastKnownFileType = sourcecode.c.h; path = DLGLMirrorView.h; sourceTree = "<group>"; };
		E1816372142CE5DB0070AC3D /* DLGLMirrorView.m */ = {isa = PBXFileReference; fileEncoding = 4; lastKnownFileType = sourcecode.c.objc; path = DLGLMirrorView.m; sourceTree = "<group>"; };
		E183A0EF18CE127000012129 /* HelloImage.h */ = {isa = PBXFileReference; fileEncoding = 4; lastKnownFileType = sourcecode.c.h; path = HelloImage.h; sourceTree = "<group>"; };
		E183A0F018CE127000012129 /* HelloImage.m */ = {isa = PBXFileReference; fileEncoding = 4; lastKnownFileType = sourcecode.c.objc; path = HelloImage.m; sourceTree = "<group>"; };
		E183A0F818CE238500012129 /* HelloImage.vert */ = {isa = PBXFileReference; explicitFileType = sourcecode.glsl; path = HelloImage.vert; sourceTree = "<group>"; };
		E183A0FA18CE24FC00012129 /* HelloImage.frag */ = {isa = PBXFileReference; explicitFileType = sourcecode.glsl; path = HelloImage.frag; sourceTree = "<group>"; };
		E18D8CD118D0E44D00CF7102 /* grayscale_gradient.png */ = {isa = PBXFileReference; lastKnownFileType = image.png; path = grayscale_gradient.png; sourceTree = "<group>"; };
		E1A8721519E458C400BD4CD1 /* DLGLViewPrivate.h */ = {isa = PBXFileReference; lastKnownFileType = sourcecode.c.h; path = DLGLViewPrivate.h; sourceTree = "<group>"; };
		E1A8721619E4699500BD4CD1 /* DLGLPresenterViewPrivate.h */ = {isa = PBXFileReference; lastKnownFileType = sourcecode.c.h; path = DLGLPresenterViewPrivate.h; sourceTree = "<group>"; };
		E1B5E9B6159235BD004271BA /* HelloCircle.h */ = {isa = PBXFileReference; fileEncoding = 4; lastKnownFileType = sourcecode.c.h; path = HelloCircle.h; sourceTree = "<group>"; };
		E1B5E9B7159235BD004271BA /* HelloCircle.m */ = {isa = PBXFileReference; fileEncoding = 4; lastKnownFileType = sourcecode.c.objc; path = HelloCircle.m; sourceTree = "<group>"; };
		E1DB140714E034FB007C0098 /* PresenterDelegateBase.h */ = {isa = PBXFileReference; fileEncoding = 4; lastKnownFileType = sourcecode.c.h; path = PresenterDelegateBase.h; sourceTree = "<group>"; };
		E1DB140814E034FB007C0098 /* PresenterDelegateBase.m */ = {isa = PBXFileReference; fileEncoding = 4; lastKnownFileType = sourcecode.c.objc; path = PresenterDelegateBase.m; sourceTree = "<group>"; };
		E1E440C81A1FB97B00E51A9A /* SceneKitAnimation.h */ = {isa = PBXFileReference; fileEncoding = 4; lastKnownFileType = sourcecode.c.h; path = SceneKitAnimation.h; sourceTree = "<group>"; };
		E1E440C91A1FB97B00E51A9A /* SceneKitAnimation.m */ = {isa = PBXFileReference; fileEncoding = 4; lastKnownFileType = sourcecode.c.objc; path = SceneKitAnimation.m; sourceTree = "<group>"; };
		E1E440CF1A1FBCCE00E51A9A /* SceneKit.framework */ = {isa = PBXFileReference; lastKnownFileType = wrapper.framework; name = SceneKit.framework; path = System/Library/Frameworks/SceneKit.framework; sourceTree = SDKROOT; };
		E1E440D11A1FD71B00E51A9A /* QuartzCore.framework */ = {isa = PBXFileReference; lastKnownFileType = wrapper.framework; name = QuartzCore.framework; path = System/Library/Frameworks/QuartzCore.framework; sourceTree = SDKROOT; };
		E1E7AE13140E730800B50A9F /* DLGLPresenterDemo.app */ = {isa = PBXFileReference; explicitFileType = wrapper.application; includeInIndex = 0; path = DLGLPresenterDemo.app; sourceTree = BUILT_PRODUCTS_DIR; };
		E1E7AE18140E730800B50A9F /* DLGLPresenterDemo-Info.plist */ = {isa = PBXFileReference; lastKnownFileType = text.plist.xml; path = "DLGLPresenterDemo-Info.plist"; sourceTree = "<group>"; };
		E1E7AE1A140E730800B50A9F /* en */ = {isa = PBXFileReference; lastKnownFileType = text.plist.strings; name = en; path = en.lproj/InfoPlist.strings; sourceTree = "<group>"; };
		E1E7AE1C140E730800B50A9F /* main.m */ = {isa = PBXFileReference; lastKnownFileType = sourcecode.c.objc; path = main.m; sourceTree = "<group>"; };
		E1E7AE1E140E730800B50A9F /* DLGLPresenterDemo-Prefix.pch */ = {isa = PBXFileReference; lastKnownFileType = sourcecode.c.h; path = "DLGLPresenterDemo-Prefix.pch"; sourceTree = "<group>"; };
		E1E7AE20140E730800B50A9F /* en */ = {isa = PBXFileReference; lastKnownFileType = text.rtf; name = en; path = en.lproj/Credits.rtf; sourceTree = "<group>"; };
		E1E7AE22140E730800B50A9F /* DLGLPresenterDemoAppDelegate.h */ = {isa = PBXFileReference; lastKnownFileType = sourcecode.c.h; path = DLGLPresenterDemoAppDelegate.h; sourceTree = "<group>"; };
		E1E7AE23140E730800B50A9F /* DLGLPresenterDemoAppDelegate.m */ = {isa = PBXFileReference; lastKnownFileType = sourcecode.c.objc; path = DLGLPresenterDemoAppDelegate.m; sourceTree = "<group>"; };
		E1E7AE26140E730800B50A9F /* en */ = {isa = PBXFileReference; lastKnownFileType = file.xib; name = en; path = en.lproj/MainMenu.xib; sourceTree = "<group>"; };
		E1E7AE65140E7A7600B50A9F /* ScreenFlicker.h */ = {isa = PBXFileReference; fileEncoding = 4; lastKnownFileType = sourcecode.c.h; path = ScreenFlicker.h; sourceTree = "<group>"; };
		E1E7AE66140E7A7600B50A9F /* ScreenFlicker.m */ = {isa = PBXFileReference; fileEncoding = 4; lastKnownFileType = sourcecode.c.objc; path = ScreenFlicker.m; sourceTree = "<group>"; };
		E1E7AE6D140E9E9300B50A9F /* HelloTriangle.h */ = {isa = PBXFileReference; fileEncoding = 4; lastKnownFileType = sourcecode.c.h; path = HelloTriangle.h; sourceTree = "<group>"; };
		E1E7AE6E140E9E9300B50A9F /* HelloTriangle.m */ = {isa = PBXFileReference; fileEncoding = 4; lastKnownFileType = sourcecode.c.objc; path = HelloTriangle.m; sourceTree = "<group>"; };
		E1ECBE8F18DA0DB6006A0D2E /* color_checker_chart.png */ = {isa = PBXFileReference; lastKnownFileType = image.png; path = color_checker_chart.png; sourceTree = "<group>"; };
		E1EEA6FF140D31AC0054C95A /* DLGLPresenter.framework */ = {isa = PBXFileReference; explicitFileType = wrapper.framework; includeInIndex = 0; path = DLGLPresenter.framework; sourceTree = BUILT_PRODUCTS_DIR; };
		E1EEA705140D31AC0054C95A /* AppKit.framework */ = {isa = PBXFileReference; lastKnownFileType = wrapper.framework; name = AppKit.framework; path = System/Library/Frameworks/AppKit.framework; sourceTree = SDKROOT; };
		E1EEA70A140D31AC0054C95A /* DLGLPresenter-Info.plist */ = {isa = PBXFileReference; lastKnownFileType = text.plist.xml; path = "DLGLPresenter-Info.plist"; sourceTree = "<group>"; };
		E1EEA70C140D31AC0054C95A /* en */ = {isa = PBXFileReference; lastKnownFileType = text.plist.strings; name = en; path = en.lproj/InfoPlist.strings; sourceTree = "<group>"; };
		E1EEA70E140D31AC0054C95A /* DLGLPresenter-Prefix.pch */ = {isa = PBXFileReference; lastKnownFileType = sourcecode.c.h; path = "DLGLPresenter-Prefix.pch"; sourceTree = "<group>"; };
		E1EEA70F140D31AC0054C95A /* DLGLPresenter.h */ = {isa = PBXFileReference; lastKnownFileType = sourcecode.c.h; path = DLGLPresenter.h; sourceTree = "<group>"; };
		E1EEA71B140D3B150054C95A /* DLGLPresenterView.h */ = {isa = PBXFileReference; fileEncoding = 4; lastKnownFileType = sourcecode.c.h; path = DLGLPresenterView.h; sourceTree = "<group>"; };
		E1EEA71C140D3B150054C95A /* DLGLPresenterView.m */ = {isa = PBXFileReference; fileEncoding = 4; lastKnownFileType = sourcecode.c.objc; path = DLGLPresenterView.m; sourceTree = "<group>"; };
		E1EEA727140D3F240054C95A /* OpenGL.framework */ = {isa = PBXFileReference; lastKnownFileType = wrapper.framework; name = OpenGL.framework; path = System/Library/Frameworks/OpenGL.framework; sourceTree = SDKROOT; };
		E1EEA72D140D50860054C95A /* CoreVideo.framework */ = {isa = PBXFileReference; lastKnownFileType = wrapper.framework; name = CoreVideo.framework; path = System/Library/Frameworks/CoreVideo.framework; sourceTree = SDKROOT; };
		E1F6490E141941ED005455C8 /* DLGLUtilities.h */ = {isa = PBXFileReference; fileEncoding = 4; lastKnownFileType = sourcecode.c.h; path = DLGLUtilities.h; sourceTree = "<group>"; };
		E1F6490F141941ED005455C8 /* DLGLUtilities.m */ = {isa = PBXFileReference; fileEncoding = 4; lastKnownFileType = sourcecode.c.objc; path = DLGLUtilities.m; sourceTree = "<group>"; };
		E1F6491314195441005455C8 /* MovingTriangle.frag */ = {isa = PBXFileReference; explicitFileType = sourcecode.glsl; fileEncoding = 4; path = MovingTriangle.frag; sourceTree = "<group>"; };
		E1F6491414195441005455C8 /* MovingTriangle.vert */ = {isa = PBXFileReference; explicitFileType = sourcecode.glsl; fileEncoding = 4; path = MovingTriangle.vert; sourceTree = "<group>"; };
		E1F64917141954B9005455C8 /* MovingTriangle.h */ = {isa = PBXFileReference; fileEncoding = 4; lastKnownFileType = sourcecode.c.h; path = MovingTriangle.h; sourceTree = "<group>"; };
		E1F64918141954B9005455C8 /* MovingTriangle.m */ = {isa = PBXFileReference; fileEncoding = 4; lastKnownFileType = sourcecode.c.objc; path = MovingTriangle.m; sourceTree = "<group>"; };
/* End PBXFileReference section */

/* Begin PBXFrameworksBuildPhase section */
		E1E7AE10140E730800B50A9F /* Frameworks */ = {
			isa = PBXFrameworksBuildPhase;
			buildActionMask = 2147483647;
			files = (
				E1EA8C2F16CAD01D00B98B76 /* DLGLPresenter.framework in Frameworks */,
				E1EA8C3016CAD02A00B98B76 /* AppKit.framework in Frameworks */,
				E1EA8C3116CAD03600B98B76 /* OpenGL.framework in Frameworks */,
				E1E440D21A1FD71B00E51A9A /* QuartzCore.framework in Frameworks */,
				E1E440D01A1FBCCE00E51A9A /* SceneKit.framework in Frameworks */,
			);
			runOnlyForDeploymentPostprocessing = 0;
		};
		E1EEA6FB140D31AC0054C95A /* Frameworks */ = {
			isa = PBXFrameworksBuildPhase;
			buildActionMask = 2147483647;
			files = (
				E1EA8C2E16CACFF700B98B76 /* AppKit.framework in Frameworks */,
				E1EA8C2D16CACFEE00B98B76 /* CoreVideo.framework in Frameworks */,
				E1EA8C2C16CACFE000B98B76 /* OpenGL.framework in Frameworks */,
			);
			runOnlyForDeploymentPostprocessing = 0;
		};
/* End PBXFrameworksBuildPhase section */

/* Begin PBXGroup section */
		E1383BFF19FEC6500087462D /* RefreshTally */ = {
			isa = PBXGroup;
			children = (
				E1383C0019FEC6A90087462D /* RefreshTally.h */,
				E1383C0119FEC6A90087462D /* RefreshTally.m */,
				E1383C0319FEC77E0087462D /* RefreshTally.vert */,
				E1383C0519FEC7AD0087462D /* RefreshTally.frag */,
			);
			path = RefreshTally;
			sourceTree = "<group>";
		};
		E183A0EE18CE112D00012129 /* HelloImage */ = {
			isa = PBXGroup;
			children = (
				E183A0EF18CE127000012129 /* HelloImage.h */,
				E183A0F018CE127000012129 /* HelloImage.m */,
				E183A0F818CE238500012129 /* HelloImage.vert */,
				E183A0FA18CE24FC00012129 /* HelloImage.frag */,
				E10BE74E18CF8F3A0063EF35 /* car.jpg */,
				E18D8CD118D0E44D00CF7102 /* grayscale_gradient.png */,
				E1ECBE8F18DA0DB6006A0D2E /* color_checker_chart.png */,
			);
			path = HelloImage;
			sourceTree = "<group>";
		};
		E1B883A21593684400BDC1F3 /* HelloCircle */ = {
			isa = PBXGroup;
			children = (
				E1B5E9B6159235BD004271BA /* HelloCircle.h */,
				E1B5E9B7159235BD004271BA /* HelloCircle.m */,
				E10F0A0715936CC400EF7FD6 /* HelloCircle.vert */,
				E10F0A0615936CC400EF7FD6 /* HelloCircle.frag */,
			);
			path = HelloCircle;
			sourceTree = "<group>";
		};
		E1E440C71A1FB8CC00E51A9A /* SceneKitAnimation */ = {
			isa = PBXGroup;
			children = (
				E1E440C81A1FB97B00E51A9A /* SceneKitAnimation.h */,
				E1E440C91A1FB97B00E51A9A /* SceneKitAnimation.m */,
			);
			path = SceneKitAnimation;
			sourceTree = "<group>";
		};
		E1E7AE16140E730800B50A9F /* DLGLPresenterDemo */ = {
			isa = PBXGroup;
			children = (
				E1E7AE22140E730800B50A9F /* DLGLPresenterDemoAppDelegate.h */,
				E1E7AE23140E730800B50A9F /* DLGLPresenterDemoAppDelegate.m */,
				E1E7AE63140E7A5B00B50A9F /* DLGLPresenterDelegates */,
				E1E7AE25140E730800B50A9F /* MainMenu.xib */,
				E1E7AE17140E730800B50A9F /* Supporting Files */,
			);
			path = DLGLPresenterDemo;
			sourceTree = "<group>";
		};
		E1E7AE17140E730800B50A9F /* Supporting Files */ = {
			isa = PBXGroup;
			children = (
				E1E7AE18140E730800B50A9F /* DLGLPresenterDemo-Info.plist */,
				E1E7AE19140E730800B50A9F /* InfoPlist.strings */,
				E1E7AE1C140E730800B50A9F /* main.m */,
				E1E7AE1E140E730800B50A9F /* DLGLPresenterDemo-Prefix.pch */,
				E1E7AE1F140E730800B50A9F /* Credits.rtf */,
			);
			name = "Supporting Files";
			sourceTree = "<group>";
		};
		E1E7AE63140E7A5B00B50A9F /* DLGLPresenterDelegates */ = {
			isa = PBXGroup;
			children = (
				E1DB140714E034FB007C0098 /* PresenterDelegateBase.h */,
				E1DB140814E034FB007C0098 /* PresenterDelegateBase.m */,
				E1E7AE65140E7A7600B50A9F /* ScreenFlicker.h */,
				E1E7AE66140E7A7600B50A9F /* ScreenFlicker.m */,
				E1E7AE6D140E9E9300B50A9F /* HelloTriangle.h */,
				E1E7AE6E140E9E9300B50A9F /* HelloTriangle.m */,
				E1B883A21593684400BDC1F3 /* HelloCircle */,
				E183A0EE18CE112D00012129 /* HelloImage */,
				E1F6491214195441005455C8 /* MovingTriangle */,
				E1383BFF19FEC6500087462D /* RefreshTally */,
				E1E440C71A1FB8CC00E51A9A /* SceneKitAnimation */,
			);
			path = DLGLPresenterDelegates;
			sourceTree = "<group>";
		};
		E1EEA6F3140D31AC0054C95A = {
			isa = PBXGroup;
			children = (
				E1EEA708140D31AC0054C95A /* DLGLPresenter */,
				E1E7AE16140E730800B50A9F /* DLGLPresenterDemo */,
				E1EEA701140D31AC0054C95A /* Frameworks */,
				E1EEA700140D31AC0054C95A /* Products */,
			);
			sourceTree = "<group>";
		};
		E1EEA700140D31AC0054C95A /* Products */ = {
			isa = PBXGroup;
			children = (
				E1EEA6FF140D31AC0054C95A /* DLGLPresenter.framework */,
				E1E7AE13140E730800B50A9F /* DLGLPresenterDemo.app */,
			);
			name = Products;
			sourceTree = "<group>";
		};
		E1EEA701140D31AC0054C95A /* Frameworks */ = {
			isa = PBXGroup;
			children = (
				E1EEA705140D31AC0054C95A /* AppKit.framework */,
				E1EEA72D140D50860054C95A /* CoreVideo.framework */,
				E1EEA727140D3F240054C95A /* OpenGL.framework */,
				E1E440D11A1FD71B00E51A9A /* QuartzCore.framework */,
				E1E440CF1A1FBCCE00E51A9A /* SceneKit.framework */,
			);
			name = Frameworks;
			sourceTree = "<group>";
		};
		E1EEA708140D31AC0054C95A /* DLGLPresenter */ = {
			isa = PBXGroup;
			children = (
				E1EEA70F140D31AC0054C95A /* DLGLPresenter.h */,
				E1F6490E141941ED005455C8 /* DLGLUtilities.h */,
				E1F6490F141941ED005455C8 /* DLGLUtilities.m */,
				E136003C1551CA57003CE694 /* NSOpenGLView+DLGLPresenterAdditions.h */,
				E136003D1551CA57003CE694 /* NSOpenGLView+DLGLPresenterAdditions.m */,
				E14DCD441430DAAD008904A4 /* DLGLView.h */,
				E1A8721519E458C400BD4CD1 /* DLGLViewPrivate.h */,
				E14DCD451430DAAD008904A4 /* DLGLView.m */,
				E1EEA71B140D3B150054C95A /* DLGLPresenterView.h */,
				E1A8721619E4699500BD4CD1 /* DLGLPresenterViewPrivate.h */,
				E1EEA71C140D3B150054C95A /* DLGLPresenterView.m */,
				E1816371142CE5DB0070AC3D /* DLGLMirrorView.h */,
				E1816372142CE5DB0070AC3D /* DLGLMirrorView.m */,
				E1EEA709140D31AC0054C95A /* Supporting Files */,
			);
			path = DLGLPresenter;
			sourceTree = "<group>";
		};
		E1EEA709140D31AC0054C95A /* Supporting Files */ = {
			isa = PBXGroup;
			children = (
				E1EEA70A140D31AC0054C95A /* DLGLPresenter-Info.plist */,
				E1EEA70B140D31AC0054C95A /* InfoPlist.strings */,
				E1EEA70E140D31AC0054C95A /* DLGLPresenter-Prefix.pch */,
			);
			name = "Supporting Files";
			sourceTree = "<group>";
		};
		E1F6491214195441005455C8 /* MovingTriangle */ = {
			isa = PBXGroup;
			children = (
				E1F64917141954B9005455C8 /* MovingTriangle.h */,
				E1F64918141954B9005455C8 /* MovingTriangle.m */,
				E1F6491414195441005455C8 /* MovingTriangle.vert */,
				E1F6491314195441005455C8 /* MovingTriangle.frag */,
			);
			path = MovingTriangle;
			sourceTree = "<group>";
		};
/* End PBXGroup section */

/* Begin PBXHeadersBuildPhase section */
		E1EEA6FC140D31AC0054C95A /* Headers */ = {
			isa = PBXHeadersBuildPhase;
			buildActionMask = 2147483647;
			files = (
				E1F6490D1419409B005455C8 /* DLGLPresenter.h in Headers */,
				E1EEA71D140D3B150054C95A /* DLGLPresenterView.h in Headers */,
				E1816373142CE5DB0070AC3D /* DLGLMirrorView.h in Headers */,
				E1F64910141941ED005455C8 /* DLGLUtilities.h in Headers */,
				E14DCD461430DAAD008904A4 /* DLGLView.h in Headers */,
				E136003E1551CA57003CE694 /* NSOpenGLView+DLGLPresenterAdditions.h in Headers */,
			);
			runOnlyForDeploymentPostprocessing = 0;
		};
/* End PBXHeadersBuildPhase section */

/* Begin PBXNativeTarget section */
		E1E7AE12140E730800B50A9F /* DLGLPresenterDemo */ = {
			isa = PBXNativeTarget;
			buildConfigurationList = E1E7AE2A140E730800B50A9F /* Build configuration list for PBXNativeTarget "DLGLPresenterDemo" */;
			buildPhases = (
				E1E7AE0F140E730800B50A9F /* Sources */,
				E1E7AE10140E730800B50A9F /* Frameworks */,
				E1E7AE11140E730800B50A9F /* Resources */,
				E15899381A002D1D00E514E7 /* CopyFiles */,
			);
			buildRules = (
			);
			dependencies = (
			);
			name = DLGLPresenterDemo;
			productName = DLGLPresenterDemo;
			productReference = E1E7AE13140E730800B50A9F /* DLGLPresenterDemo.app */;
			productType = "com.apple.product-type.application";
		};
		E1EEA6FE140D31AC0054C95A /* DLGLPresenter */ = {
			isa = PBXNativeTarget;
			buildConfigurationList = E1EEA714140D31AC0054C95A /* Build configuration list for PBXNativeTarget "DLGLPresenter" */;
			buildPhases = (
				E1EEA6FA140D31AC0054C95A /* Sources */,
				E1EEA6FB140D31AC0054C95A /* Frameworks */,
				E1EEA6FC140D31AC0054C95A /* Headers */,
				E1EEA6FD140D31AC0054C95A /* Resources */,
			);
			buildRules = (
			);
			dependencies = (
			);
			name = DLGLPresenter;
			productName = DLGLPresenter;
			productReference = E1EEA6FF140D31AC0054C95A /* DLGLPresenter.framework */;
			productType = "com.apple.product-type.framework";
		};
/* End PBXNativeTarget section */

/* Begin PBXProject section */
		E1EEA6F5140D31AC0054C95A /* Project object */ = {
			isa = PBXProject;
			attributes = {
				LastUpgradeCheck = 0500;
				ORGANIZATIONNAME = MIT;
			};
			buildConfigurationList = E1EEA6F8140D31AC0054C95A /* Build configuration list for PBXProject "DLGLPresenter" */;
			compatibilityVersion = "Xcode 3.2";
			developmentRegion = English;
			hasScannedForEncodings = 0;
			knownRegions = (
				en,
			);
			mainGroup = E1EEA6F3140D31AC0054C95A;
			productRefGroup = E1EEA700140D31AC0054C95A /* Products */;
			projectDirPath = "";
			projectRoot = "";
			targets = (
				E1EEA6FE140D31AC0054C95A /* DLGLPresenter */,
				E1E7AE12140E730800B50A9F /* DLGLPresenterDemo */,
			);
		};
/* End PBXProject section */

/* Begin PBXResourcesBuildPhase section */
		E1E7AE11140E730800B50A9F /* Resources */ = {
			isa = PBXResourcesBuildPhase;
			buildActionMask = 2147483647;
			files = (
				E1E7AE1B140E730800B50A9F /* InfoPlist.strings in Resources */,
				E1E7AE21140E730800B50A9F /* Credits.rtf in Resources */,
				E1E7AE27140E730800B50A9F /* MainMenu.xib in Resources */,
				E10F0A0A15936D3000EF7FD6 /* HelloCircle.vert in Resources */,
				E10F0A0B15936D3000EF7FD6 /* HelloCircle.frag in Resources */,
				E1383C0419FEC77E0087462D /* RefreshTally.vert in Resources */,
				E183A0F918CE239300012129 /* HelloImage.vert in Resources */,
				E183A0FB18CE251000012129 /* HelloImage.frag in Resources */,
				E10BE74F18CF8F470063EF35 /* car.jpg in Resources */,
				E18D8CD218D0E46600CF7102 /* grayscale_gradient.png in Resources */,
				E1ECBE9018DA0DCC006A0D2E /* color_checker_chart.png in Resources */,
				E1F6491C14195BDD005455C8 /* MovingTriangle.vert in Resources */,
				E1383C0619FEC7AD0087462D /* RefreshTally.frag in Resources */,
				E1F6491D14195BE0005455C8 /* MovingTriangle.frag in Resources */,
			);
			runOnlyForDeploymentPostprocessing = 0;
		};
		E1EEA6FD140D31AC0054C95A /* Resources */ = {
			isa = PBXResourcesBuildPhase;
			buildActionMask = 2147483647;
			files = (
				E1EEA70D140D31AC0054C95A /* InfoPlist.strings in Resources */,
			);
			runOnlyForDeploymentPostprocessing = 0;
		};
/* End PBXResourcesBuildPhase section */

/* Begin PBXSourcesBuildPhase section */
		E1E7AE0F140E730800B50A9F /* Sources */ = {
			isa = PBXSourcesBuildPhase;
			buildActionMask = 2147483647;
			files = (
				E1E440CA1A1FB97B00E51A9A /* SceneKitAnimation.m in Sources */,
				E1E7AE1D140E730800B50A9F /* main.m in Sources */,
				E1E7AE24140E730800B50A9F /* DLGLPresenterDemoAppDelegate.m in Sources */,
				E1383C0219FEC6A90087462D /* RefreshTally.m in Sources */,
				E1E7AE67140E7A7600B50A9F /* ScreenFlicker.m in Sources */,
				E1E7AE6F140E9E9300B50A9F /* HelloTriangle.m in Sources */,
				E1F64919141954B9005455C8 /* MovingTriangle.m in Sources */,
				E1DB140914E034FB007C0098 /* PresenterDelegateBase.m in Sources */,
				E183A0F118CE127000012129 /* HelloImage.m in Sources */,
				E1B5E9B8159235BD004271BA /* HelloCircle.m in Sources */,
			);
			runOnlyForDeploymentPostprocessing = 0;
		};
		E1EEA6FA140D31AC0054C95A /* Sources */ = {
			isa = PBXSourcesBuildPhase;
			buildActionMask = 2147483647;
			files = (
				E1EEA71E140D3B150054C95A /* DLGLPresenterView.m in Sources */,
				E1F64911141941ED005455C8 /* DLGLUtilities.m in Sources */,
				E1816374142CE5DB0070AC3D /* DLGLMirrorView.m in Sources */,
				E14DCD471430DAAD008904A4 /* DLGLView.m in Sources */,
				E136003F1551CA57003CE694 /* NSOpenGLView+DLGLPresenterAdditions.m in Sources */,
			);
			runOnlyForDeploymentPostprocessing = 0;
		};
/* End PBXSourcesBuildPhase section */

/* Begin PBXVariantGroup section */
		E1E7AE19140E730800B50A9F /* InfoPlist.strings */ = {
			isa = PBXVariantGroup;
			children = (
				E1E7AE1A140E730800B50A9F /* en */,
			);
			name = InfoPlist.strings;
			sourceTree = "<group>";
		};
		E1E7AE1F140E730800B50A9F /* Credits.rtf */ = {
			isa = PBXVariantGroup;
			children = (
				E1E7AE20140E730800B50A9F /* en */,
			);
			name = Credits.rtf;
			sourceTree = "<group>";
		};
		E1E7AE25140E730800B50A9F /* MainMenu.xib */ = {
			isa = PBXVariantGroup;
			children = (
				E1E7AE26140E730800B50A9F /* en */,
			);
			name = MainMenu.xib;
			sourceTree = "<group>";
		};
		E1EEA70B140D31AC0054C95A /* InfoPlist.strings */ = {
			isa = PBXVariantGroup;
			children = (
				E1EEA70C140D31AC0054C95A /* en */,
			);
			name = InfoPlist.strings;
			sourceTree = "<group>";
		};
/* End PBXVariantGroup section */

/* Begin XCBuildConfiguration section */
		E1E7AE28140E730800B50A9F /* Debug */ = {
			isa = XCBuildConfiguration;
			buildSettings = {
				CLANG_ENABLE_OBJC_ARC = YES;
				COMBINE_HIDPI_IMAGES = YES;
				GCC_PRECOMPILE_PREFIX_HEADER = YES;
				GCC_PREFIX_HEADER = "DLGLPresenterDemo/DLGLPresenterDemo-Prefix.pch";
				INFOPLIST_FILE = "DLGLPresenterDemo/DLGLPresenterDemo-Info.plist";
				PRODUCT_NAME = "$(TARGET_NAME)";
				WRAPPER_EXTENSION = app;
			};
			name = Debug;
		};
		E1E7AE29140E730800B50A9F /* Release */ = {
			isa = XCBuildConfiguration;
			buildSettings = {
				CLANG_ENABLE_OBJC_ARC = YES;
				COMBINE_HIDPI_IMAGES = YES;
				GCC_PRECOMPILE_PREFIX_HEADER = YES;
				GCC_PREFIX_HEADER = "DLGLPresenterDemo/DLGLPresenterDemo-Prefix.pch";
				INFOPLIST_FILE = "DLGLPresenterDemo/DLGLPresenterDemo-Info.plist";
				PRODUCT_NAME = "$(TARGET_NAME)";
				WRAPPER_EXTENSION = app;
			};
			name = Release;
		};
		E1EEA712140D31AC0054C95A /* Debug */ = {
			isa = XCBuildConfiguration;
			buildSettings = {
				ALWAYS_SEARCH_USER_PATHS = NO;
				CLANG_WARN_BOOL_CONVERSION = YES;
				CLANG_WARN_CONSTANT_CONVERSION = YES;
				CLANG_WARN_EMPTY_BODY = YES;
				CLANG_WARN_ENUM_CONVERSION = YES;
				CLANG_WARN_INT_CONVERSION = YES;
				CLANG_WARN__DUPLICATE_METHOD_MATCH = YES;
				COPY_PHASE_STRIP = NO;
				GCC_C_LANGUAGE_STANDARD = c99;
				GCC_DYNAMIC_NO_PIC = NO;
				GCC_ENABLE_OBJC_EXCEPTIONS = YES;
				GCC_OPTIMIZATION_LEVEL = 0;
				GCC_PREPROCESSOR_DEFINITIONS = (
					"DEBUG=1",
					"$(inherited)",
				);
				GCC_SYMBOLS_PRIVATE_EXTERN = NO;
				GCC_TREAT_IMPLICIT_FUNCTION_DECLARATIONS_AS_ERRORS = YES;
				GCC_WARN_64_TO_32_BIT_CONVERSION = YES;
				GCC_WARN_ABOUT_MISSING_PROTOTYPES = YES;
				GCC_WARN_ABOUT_RETURN_TYPE = YES;
				GCC_WARN_UNDECLARED_SELECTOR = YES;
				GCC_WARN_UNINITIALIZED_AUTOS = YES;
				GCC_WARN_UNUSED_FUNCTION = YES;
				GCC_WARN_UNUSED_VARIABLE = YES;
				MACOSX_DEPLOYMENT_TARGET = 10.10;
				ONLY_ACTIVE_ARCH = YES;
				SDKROOT = macosx;
			};
			name = Debug;
		};
		E1EEA713140D31AC0054C95A /* Release */ = {
			isa = XCBuildConfiguration;
			buildSettings = {
				ALWAYS_SEARCH_USER_PATHS = NO;
				CLANG_WARN_BOOL_CONVERSION = YES;
				CLANG_WARN_CONSTANT_CONVERSION = YES;
				CLANG_WARN_EMPTY_BODY = YES;
				CLANG_WARN_ENUM_CONVERSION = YES;
				CLANG_WARN_INT_CONVERSION = YES;
				CLANG_WARN__DUPLICATE_METHOD_MATCH = YES;
				COPY_PHASE_STRIP = YES;
				DEBUG_INFORMATION_FORMAT = "dwarf-with-dsym";
				GCC_C_LANGUAGE_STANDARD = c99;
				GCC_ENABLE_OBJC_EXCEPTIONS = YES;
				GCC_TREAT_IMPLICIT_FUNCTION_DECLARATIONS_AS_ERRORS = YES;
				GCC_WARN_64_TO_32_BIT_CONVERSION = YES;
				GCC_WARN_ABOUT_MISSING_PROTOTYPES = YES;
				GCC_WARN_ABOUT_RETURN_TYPE = YES;
				GCC_WARN_UNDECLARED_SELECTOR = YES;
				GCC_WARN_UNINITIALIZED_AUTOS = YES;
				GCC_WARN_UNUSED_FUNCTION = YES;
				GCC_WARN_UNUSED_VARIABLE = YES;
				MACOSX_DEPLOYMENT_TARGET = 10.10;
				SDKROOT = macosx;
			};
			name = Release;
		};
		E1EEA715140D31AC0054C95A /* Debug */ = {
			isa = XCBuildConfiguration;
			buildSettings = {
				CLANG_ENABLE_OBJC_ARC = YES;
				COMBINE_HIDPI_IMAGES = YES;
				DYLIB_COMPATIBILITY_VERSION = 1;
				DYLIB_CURRENT_VERSION = 1;
				FRAMEWORK_VERSION = A;
				GCC_PRECOMPILE_PREFIX_HEADER = YES;
				GCC_PREFIX_HEADER = "DLGLPresenter/DLGLPresenter-Prefix.pch";
				INFOPLIST_FILE = "DLGLPresenter/DLGLPresenter-Info.plist";
				INSTALL_PATH = "@loader_path/../Frameworks";
				PRODUCT_NAME = "$(TARGET_NAME)";
				WRAPPER_EXTENSION = framework;
			};
			name = Debug;
		};
		E1EEA716140D31AC0054C95A /* Release */ = {
			isa = XCBuildConfiguration;
			buildSettings = {
				CLANG_ENABLE_OBJC_ARC = YES;
				COMBINE_HIDPI_IMAGES = YES;
				DYLIB_COMPATIBILITY_VERSION = 1;
				DYLIB_CURRENT_VERSION = 1;
				FRAMEWORK_VERSION = A;
				GCC_PRECOMPILE_PREFIX_HEADER = YES;
				GCC_PREFIX_HEADER = "DLGLPresenter/DLGLPresenter-Prefix.pch";
				INFOPLIST_FILE = "DLGLPresenter/DLGLPresenter-Info.plist";
				INSTALL_PATH = "@loader_path/../Frameworks";
				PRODUCT_NAME = "$(TARGET_NAME)";
				WRAPPER_EXTENSION = framework;
			};
			name = Release;
		};
/* End XCBuildConfiguration section */

/* Begin XCConfigurationList section */
		E1E7AE2A140E730800B50A9F /* Build configuration list for PBXNativeTarget "DLGLPresenterDemo" */ = {
			isa = XCConfigurationList;
			buildConfigurations = (
				E1E7AE28140E730800B50A9F /* Debug */,
				E1E7AE29140E730800B50A9F /* Release */,
			);
			defaultConfigurationIsVisible = 0;
			defaultConfigurationName = Release;
		};
		E1EEA6F8140D31AC0054C95A /* Build configuration list for PBXProject "DLGLPresenter" */ = {
			isa = XCConfigurationList;
			buildConfigurations = (
				E1EEA712140D31AC0054C95A /* Debug */,
				E1EEA713140D31AC0054C95A /* Release */,
			);
			defaultConfigurationIsVisible = 0;
			defaultConfigurationName = Release;
		};
		E1EEA714140D31AC0054C95A /* Build configuration list for PBXNativeTarget "DLGLPresenter" */ = {
			isa = XCConfigurationList;
			buildConfigurations = (
				E1EEA715140D31AC0054C95A /* Debug */,
				E1EEA716140D31AC0054C95A /* Release */,
			);
			defaultConfigurationIsVisible = 0;
			defaultConfigurationName = Release;
		};
/* End XCConfigurationList section */
	};
	rootObject = E1EEA6F5140D31AC0054C95A /* Project object */;
}
